
Microsoft Visual Studio Solution File, Format Version 12.00
# Visual Studio Version 16
VisualStudioVersion = 16.0.28729.10
MinimumVisualStudioVersion = 10.0.40219.1
Project("{FAE04EC0-301F-11D3-BF4B-00C04F79EFBC}") = "serial-UI", "card communication\serial-UI.csproj", "{8E4EB95E-7F0B-403F-A4FE-AAB682C47910}"
EndProject
Global
	GlobalSection(SolutionConfigurationPlatforms) = preSolution
		Debug|x64 = Debug|x64
		Debug|x86 = Debug|x86
		Release|x64 = Release|x64
		Release|x86 = Release|x86
	EndGlobalSection
	GlobalSection(ProjectConfigurationPlatforms) = postSolution
		{8E4EB95E-7F0B-403F-A4FE-AAB682C47910}.Debug|x64.ActiveCfg = Debug|x64
		{8E4EB95E-7F0B-403F-A4FE-AAB682C47910}.Debug|x64.Build.0 = Debug|x64
		{8E4EB95E-7F0B-403F-A4FE-AAB682C47910}.Debug|x86.ActiveCfg = Debug|x86
		{8E4EB95E-7F0B-403F-A4FE-AAB682C47910}.Debug|x86.Build.0 = Debug|x86
		{8E4EB95E-7F0B-403F-A4FE-AAB682C47910}.Release|x64.ActiveCfg = Release|x64
		{8E4EB95E-7F0B-403F-A4FE-AAB682C47910}.Release|x64.Build.0 = Release|x64
		{8E4EB95E-7F0B-403F-A4FE-AAB682C47910}.Release|x86.ActiveCfg = Release|x86
		{8E4EB95E-7F0B-403F-A4FE-AAB682C47910}.Release|x86.Build.0 = Release|x86
	EndGlobalSection
	GlobalSection(SolutionProperties) = preSolution
		HideSolutionNode = FALSE
	EndGlobalSection
	GlobalSection(ExtensibilityGlobals) = postSolution
		SolutionGuid = {D38C44C6-B233-4F0D-971C-B4657F69A4EF}
	EndGlobalSection
EndGlobal
